
Microsoft Visual Studio Solution File, Format Version 12.00
# Visual Studio Version 17
VisualStudioVersion = 17.1.32210.238
MinimumVisualStudioVersion = 10.0.40219.1
Project("{FAE04EC0-301F-11D3-BF4B-00C04F79EFBC}") = "Task", "Task\Task.csproj", "{304D6A42-B3FF-42FD-B2EE-08D716157174}"
EndProject
Project("{FAE04EC0-301F-11D3-BF4B-00C04F79EFBC}") = "TestProject1", "TestProject1\TestProject1.csproj", "{70CCB31D-2066-41A9-AEB5-379291E9F411}"
EndProject
Global
	GlobalSection(SolutionConfigurationPlatforms) = preSolution
		Debug|Any CPU = Debug|Any CPU
		Release|Any CPU = Release|Any CPU
	EndGlobalSection
	GlobalSection(ProjectConfigurationPlatforms) = postSolution
		{304D6A42-B3FF-42FD-B2EE-08D716157174}.Debug|Any CPU.ActiveCfg = Debug|Any CPU
		{304D6A42-B3FF-42FD-B2EE-08D716157174}.Debug|Any CPU.Build.0 = Debug|Any CPU
		{304D6A42-B3FF-42FD-B2EE-08D716157174}.Release|Any CPU.ActiveCfg = Release|Any CPU
		{304D6A42-B3FF-42FD-B2EE-08D716157174}.Release|Any CPU.Build.0 = Release|Any CPU
		{70CCB31D-2066-41A9-AEB5-379291E9F411}.Debug|Any CPU.ActiveCfg = Debug|Any CPU
		{70CCB31D-2066-41A9-AEB5-379291E9F411}.Debug|Any CPU.Build.0 = Debug|Any CPU
		{70CCB31D-2066-41A9-AEB5-379291E9F411}.Release|Any CPU.ActiveCfg = Release|Any CPU
		{70CCB31D-2066-41A9-AEB5-379291E9F411}.Release|Any CPU.Build.0 = Release|Any CPU
	EndGlobalSection
	GlobalSection(SolutionProperties) = preSolution
		HideSolutionNode = FALSE
	EndGlobalSection
	GlobalSection(ExtensibilityGlobals) = postSolution
		SolutionGuid = {292A4827-557F-454F-BD40-528FA55AD6D5}
	EndGlobalSection
EndGlobal
