
Microsoft Visual Studio Solution File, Format Version 12.00
# Visual Studio Version 17
VisualStudioVersion = 17.1.32210.238
MinimumVisualStudioVersion = 10.0.40219.1
Project("{FAE04EC0-301F-11D3-BF4B-00C04F79EFBC}") = "Task", "Task\Task.csproj", "{ABEB14E5-0120-4EC7-90D8-C2A9ECAF714F}"
EndProject
Project("{FAE04EC0-301F-11D3-BF4B-00C04F79EFBC}") = "Test", "Test\Test.csproj", "{27F0CCDB-3FD8-4109-8334-033BA462C135}"
EndProject
Global
	GlobalSection(SolutionConfigurationPlatforms) = preSolution
		Debug|Any CPU = Debug|Any CPU
		Release|Any CPU = Release|Any CPU
	EndGlobalSection
	GlobalSection(ProjectConfigurationPlatforms) = postSolution
		{ABEB14E5-0120-4EC7-90D8-C2A9ECAF714F}.Debug|Any CPU.ActiveCfg = Debug|Any CPU
		{ABEB14E5-0120-4EC7-90D8-C2A9ECAF714F}.Debug|Any CPU.Build.0 = Debug|Any CPU
		{ABEB14E5-0120-4EC7-90D8-C2A9ECAF714F}.Release|Any CPU.ActiveCfg = Release|Any CPU
		{ABEB14E5-0120-4EC7-90D8-C2A9ECAF714F}.Release|Any CPU.Build.0 = Release|Any CPU
		{27F0CCDB-3FD8-4109-8334-033BA462C135}.Debug|Any CPU.ActiveCfg = Debug|Any CPU
		{27F0CCDB-3FD8-4109-8334-033BA462C135}.Debug|Any CPU.Build.0 = Debug|Any CPU
		{27F0CCDB-3FD8-4109-8334-033BA462C135}.Release|Any CPU.ActiveCfg = Release|Any CPU
		{27F0CCDB-3FD8-4109-8334-033BA462C135}.Release|Any CPU.Build.0 = Release|Any CPU
	EndGlobalSection
	GlobalSection(SolutionProperties) = preSolution
		HideSolutionNode = FALSE
	EndGlobalSection
	GlobalSection(ExtensibilityGlobals) = postSolution
		SolutionGuid = {575FB3FE-D81C-4A41-ADAA-8C37350DC868}
	EndGlobalSection
EndGlobal
